
Microsoft Visual Studio Solution File, Format Version 12.00
# Visual Studio Version 16
VisualStudioVersion = 16.0.29009.5
MinimumVisualStudioVersion = 10.0.40219.1
Project("{FAE04EC0-301F-11D3-BF4B-00C04F79EFBC}") = "Exercise1", "Exercise1\Exercise1.csproj", "{BD053161-B125-4A21-9999-EDB9CB9443ED}"
EndProject
Global
	GlobalSection(SolutionConfigurationPlatforms) = preSolution
		Debug|Any CPU = Debug|Any CPU
		Release|Any CPU = Release|Any CPU
	EndGlobalSection
	GlobalSection(ProjectConfigurationPlatforms) = postSolution
		{BD053161-B125-4A21-9999-EDB9CB9443ED}.Debug|Any CPU.ActiveCfg = Debug|Any CPU
		{BD053161-B125-4A21-9999-EDB9CB9443ED}.Debug|Any CPU.Build.0 = Debug|Any CPU
		{BD053161-B125-4A21-9999-EDB9CB9443ED}.Release|Any CPU.ActiveCfg = Release|Any CPU
		{BD053161-B125-4A21-9999-EDB9CB9443ED}.Release|Any CPU.Build.0 = Release|Any CPU
	EndGlobalSection
	GlobalSection(SolutionProperties) = preSolution
		HideSolutionNode = FALSE
	EndGlobalSection
	GlobalSection(ExtensibilityGlobals) = postSolution
		SolutionGuid = {6ACC6262-1B76-4908-AEF0-B57E8FA8E2B0}
	EndGlobalSection
EndGlobal
